
Microsoft Visual Studio Solution File, Format Version 12.00
# Visual Studio Version 16
VisualStudioVersion = 16.0.29911.84
MinimumVisualStudioVersion = 10.0.40219.1
Project("{FAE04EC0-301F-11D3-BF4B-00C04F79EFBC}") = "Webshop", "Webshop\Webshop.csproj", "{36DC9622-CAC6-4D8E-9425-01E8B12E1B50}"
EndProject
Global
	GlobalSection(SolutionConfigurationPlatforms) = preSolution
		Debug|Any CPU = Debug|Any CPU
		Release|Any CPU = Release|Any CPU
	EndGlobalSection
	GlobalSection(ProjectConfigurationPlatforms) = postSolution
		{36DC9622-CAC6-4D8E-9425-01E8B12E1B50}.Debug|Any CPU.ActiveCfg = Debug|Any CPU
		{36DC9622-CAC6-4D8E-9425-01E8B12E1B50}.Debug|Any CPU.Build.0 = Debug|Any CPU
		{36DC9622-CAC6-4D8E-9425-01E8B12E1B50}.Release|Any CPU.ActiveCfg = Release|Any CPU
		{36DC9622-CAC6-4D8E-9425-01E8B12E1B50}.Release|Any CPU.Build.0 = Release|Any CPU
	EndGlobalSection
	GlobalSection(SolutionProperties) = preSolution
		HideSolutionNode = FALSE
	EndGlobalSection
	GlobalSection(ExtensibilityGlobals) = postSolution
		SolutionGuid = {56329649-ECA6-4BBB-85C3-67F5370C2C05}
	EndGlobalSection
EndGlobal
